
Microsoft Visual Studio Solution File, Format Version 12.00
# Visual Studio Version 17
VisualStudioVersion = 17.10.35122.118
MinimumVisualStudioVersion = 10.0.40219.1
Project("{FAE04EC0-301F-11D3-BF4B-00C04F79EFBC}") = "RimCryptoEconomy", "RimCryptoEconomy.csproj", "{1FA1457B-EE69-47B1-B0C0-34E93A6EDABF}"
EndProject
Global
	GlobalSection(SolutionConfigurationPlatforms) = preSolution
		Debug|Any CPU = Debug|Any CPU
		Release|Any CPU = Release|Any CPU
	EndGlobalSection
	GlobalSection(ProjectConfigurationPlatforms) = postSolution
		{1FA1457B-EE69-47B1-B0C0-34E93A6EDABF}.Debug|Any CPU.ActiveCfg = Debug|Any CPU
		{1FA1457B-EE69-47B1-B0C0-34E93A6EDABF}.Debug|Any CPU.Build.0 = Debug|Any CPU
		{1FA1457B-EE69-47B1-B0C0-34E93A6EDABF}.Release|Any CPU.ActiveCfg = Release|Any CPU
		{1FA1457B-EE69-47B1-B0C0-34E93A6EDABF}.Release|Any CPU.Build.0 = Release|Any CPU
	EndGlobalSection
	GlobalSection(SolutionProperties) = preSolution
		HideSolutionNode = FALSE
	EndGlobalSection
	GlobalSection(ExtensibilityGlobals) = postSolution
		SolutionGuid = {0BDB40AA-69B9-4E12-B93A-89F4D9973DBB}
	EndGlobalSection
EndGlobal
